# This file is automatically @generated by Poetry 1.8.3 and should not be changed by hand.

[[package]]
name = "cocotb"
version = "1.9.1"
description = "cocotb is a coroutine based cosimulation library for writing VHDL and Verilog testbenches in Python."
optional = false
python-versions = ">=3.6"
files = [
    {file = "cocotb-1.9.1-cp310-cp310-macosx_10_9_x86_64.whl", hash = "sha256:1bdc70f626be2e2529cf3875a0dd418dfab46fde5f1107ade25d7c28799adb75"},
    {file = "cocotb-1.9.1-cp310-cp310-manylinux_2_17_x86_64.manylinux2014_x86_64.whl", hash = "sha256:777e1ddb203194ea311040ab068c0b4944098a1618c823613331351ac6e31f1f"},
    {file = "cocotb-1.9.1-cp310-cp310-manylinux_2_5_i686.manylinux1_i686.manylinux_2_17_i686.manylinux2014_i686.whl", hash = "sha256:fadcf3d409f36c45ab2ca6486ccafabce6ed69b1fc5f11f0031bcf123f4105e6"},
    {file = "cocotb-1.9.1-cp310-cp310-win32.whl", hash = "sha256:57efb38174aae826694f066d2630783516d8be34c2ea16fc6f1cd7aafa68b0f5"},
    {file = "cocotb-1.9.1-cp310-cp310-win_amd64.whl", hash = "sha256:3613551188e40facddddeeffeb75e3d6d9ff7fcc59f908882d50e828e0be1db7"},
    {file = "cocotb-1.9.1-cp311-cp311-macosx_10_9_x86_64.whl", hash = "sha256:4253035ba1585feb638bbecd05121aef840b4201402796b24a409c2f46ded8c2"},
    {file = "cocotb-1.9.1-cp311-cp311-manylinux_2_17_x86_64.manylinux2014_x86_64.whl", hash = "sha256:2eb9845e31fb17b70952c9da2ed933ffab1b41cd6f7f09a182196c62f3bdc77a"},
    {file = "cocotb-1.9.1-cp311-cp311-manylinux_2_5_i686.manylinux1_i686.manylinux_2_17_i686.manylinux2014_i686.whl", hash = "sha256:c65377e17ccc055bdb46df2b0e4b57dd4ddde62d8d25401e85a9b219576ab0a1"},
    {file = "cocotb-1.9.1-cp311-cp311-win32.whl", hash = "sha256:ec66a1e5819656f402e4d0e1f247d5e6d674197c6057b996b692648b50b7de86"},
    {file = "cocotb-1.9.1-cp311-cp311-win_amd64.whl", hash = "sha256:04bab5164c3c4a67967ecd2276937088db1e9c00d2a653ebb8c0fece5bf221f0"},
    {file = "cocotb-1.9.1-cp312-cp312-macosx_10_9_x86_64.whl", hash = "sha256:08b97544e0aa1db88c623cfee6626a8e79639894d01f7bfd75b548f5cdf16c71"},
    {file = "cocotb-1.9.1-cp312-cp312-manylinux_2_17_x86_64.manylinux2014_x86_64.whl", hash = "sha256:0e514bb390fab574327d8be00643a2afcc8b00db385d9814557bcb772c8f7d63"},
    {file = "cocotb-1.9.1-cp312-cp312-manylinux_2_5_i686.manylinux1_i686.manylinux_2_17_i686.manylinux2014_i686.whl", hash = "sha256:0b9a51e6e2afb31049bcd0ae747f30e5aadf72112ee9edaf8fd43d0627c50154"},
    {file = "cocotb-1.9.1-cp312-cp312-win32.whl", hash = "sha256:b67226b541d8a0e01233ba0006034ad5d769f9c602358f6b8fdddfc90efb9b47"},
    {file = "cocotb-1.9.1-cp312-cp312-win_amd64.whl", hash = "sha256:945dbe084b909cdf6aa0220e5ea7e143508bfca223e02ca848d011f020bb42c8"},
    {file = "cocotb-1.9.1-cp36-cp36m-macosx_10_9_x86_64.whl", hash = "sha256:0983f70f65af54abba38338a8e99dc42df4c757e6daf8be67414ec086cbd6210"},
    {file = "cocotb-1.9.1-cp36-cp36m-manylinux_2_5_i686.manylinux1_i686.whl", hash = "sha256:7d3a7f405b39a6ad78e1006e3c16edf025209f3ca9d6f04b26a4932a4352997c"},
    {file = "cocotb-1.9.1-cp36-cp36m-manylinux_2_5_x86_64.manylinux1_x86_64.whl", hash = "sha256:6f8315779b3da611cb6b366c961dd655889feec897add7b11c90f0af0b4811a9"},
    {file = "cocotb-1.9.1-cp36-cp36m-win32.whl", hash = "sha256:34ff2185800e05dc54cb5aacad47beccc4714e503f7356178a2dacfdfe7624f3"},
    {file = "cocotb-1.9.1-cp36-cp36m-win_amd64.whl", hash = "sha256:77052f85cd591e3dd2d54eb8367a4f88a59bc71cfc8483dffc2c67bc1c896975"},
    {file = "cocotb-1.9.1-cp37-cp37m-macosx_10_9_x86_64.whl", hash = "sha256:aefb2b2378a3906677d295c551732cd1f0d70de30c684b9c6d352ace250e0c54"},
    {file = "cocotb-1.9.1-cp37-cp37m-manylinux_2_17_x86_64.manylinux2014_x86_64.whl", hash = "sha256:bea58984d94440749194f98e6624d756199387d4c4f0092eb5ed8d784a1d8e95"},
    {file = "cocotb-1.9.1-cp37-cp37m-manylinux_2_5_i686.manylinux1_i686.manylinux_2_17_i686.manylinux2014_i686.whl", hash = "sha256:55d64dbb863cd884b783dabeaeffa15426ed4b49aa28327e061bcc5677b6cc46"},
    {file = "cocotb-1.9.1-cp37-cp37m-win32.whl", hash = "sha256:2427bb82db40535f0b3461d4096c140f2c541502f834bb27a35a55b93f1ec926"},
    {file = "cocotb-1.9.1-cp37-cp37m-win_amd64.whl", hash = "sha256:8676de998d2a8f86cb95ebb695636de66f87a293f065777bec89e33930a6411b"},
    {file = "cocotb-1.9.1-cp38-cp38-macosx_10_9_x86_64.whl", hash = "sha256:8df62a975fc990df7fcc2f2b415dcc1ae9066f913689f9553da374af3d2cd138"},
    {file = "cocotb-1.9.1-cp38-cp38-manylinux_2_17_x86_64.manylinux2014_x86_64.whl", hash = "sha256:e5f45e0870e6d2f2af5090dab7c95a961f7b1d53841e6df2a79efd027bea1aa8"},
    {file = "cocotb-1.9.1-cp38-cp38-manylinux_2_5_i686.manylinux1_i686.manylinux_2_17_i686.manylinux2014_i686.whl", hash = "sha256:cb4c83dcb57c01a5597ec08e3c120ba24286557b49a0751e61609643e05f1db4"},
    {file = "cocotb-1.9.1-cp38-cp38-win32.whl", hash = "sha256:07e772055ecd6735ae4edb21bd3d9f0f41f03c9ba35be24f5cffeec04e80b297"},
    {file = "cocotb-1.9.1-cp38-cp38-win_amd64.whl", hash = "sha256:df1b091952e068eee0bab4ef751b346017b81bf96cbcac7b92569e5c634a0e30"},
    {file = "cocotb-1.9.1-cp39-cp39-macosx_10_9_x86_64.whl", hash = "sha256:c61a1311d33f7e0792fa3baf75de958232dc31ecdbf5d977703b2f015f287ab2"},
    {file = "cocotb-1.9.1-cp39-cp39-manylinux_2_17_x86_64.manylinux2014_x86_64.whl", hash = "sha256:9616e902015800f88407b7e9f1f58d7eaf3696820190082d8d92158bb05503a9"},
    {file = "cocotb-1.9.1-cp39-cp39-manylinux_2_5_i686.manylinux1_i686.manylinux_2_17_i686.manylinux2014_i686.whl", hash = "sha256:d1ab1ed9849258c3956ccca35768d1369bc3e712d67554f6a440cd1fd1df9c53"},
    {file = "cocotb-1.9.1-cp39-cp39-win32.whl", hash = "sha256:39cc0b5381ca59bcaa8082dce2c72cdf693befdb9341863f8de4b3fd9839837d"},
    {file = "cocotb-1.9.1-cp39-cp39-win_amd64.whl", hash = "sha256:ae340f90b3424a6061101cd859992c3c71ab052eb990b46a7b0a6eee37998a15"},
    {file = "cocotb-1.9.1.tar.gz", hash = "sha256:21a79c4b5c3d4d7743abd54cfbda387377a2cbdbb8af4b068fbf7745d2f55d8c"},
]

[package.dependencies]
find-libpython = "*"

[package.extras]
bus = ["cocotb-bus"]

[[package]]
name = "cocotb-bus"
version = "0.2.1"
description = ""
optional = false
python-versions = ">=3.5"
files = [
    {file = "cocotb-bus-0.2.1.tar.gz", hash = "sha256:a197aa4b0e0ad28469c8877b41b3fb2ec0206da9f491b9276d1578ce6dd8aa8d"},
]

[package.dependencies]
cocotb = ">=1.5.0.dev,<2.0"

[[package]]
name = "cocotbext-wishbone"
version = "0.2.2"
description = "Cocotb extension Wishbone module"
optional = false
python-versions = "*"
files = [
    {file = "cocotbext-wishbone-0.2.2.tar.gz", hash = "sha256:cf3b5e3d248d7eeb9522eb7e56e81d72e0d463c411a082da4379a8eed889da9f"},
    {file = "cocotbext_wishbone-0.2.2-py3-none-any.whl", hash = "sha256:bae6474d8935e3514f2ec84cc9a62e7855a528b7dee68aebe493d7b56f55bc3f"},
]

[package.dependencies]
cocotb = ">=1.6.0"
cocotb-bus = "*"

[[package]]
name = "colorama"
version = "0.4.6"
description = "Cross-platform colored terminal text."
optional = false
python-versions = "!=3.0.*,!=3.1.*,!=3.2.*,!=3.3.*,!=3.4.*,!=3.5.*,!=3.6.*,>=2.7"
files = [
    {file = "colorama-0.4.6-py2.py3-none-any.whl", hash = "sha256:4f1d9991f5acc0ca119f9d443620b77f9d6b33703e51011c16baf57afb285fc6"},
    {file = "colorama-0.4.6.tar.gz", hash = "sha256:08695f5cb7ed6e0531a20572697297273c47b8cae5a63ffc6d6ed5c201be6e44"},
]

[[package]]
name = "find-libpython"
version = "0.4.0"
description = "Finds the libpython associated with your environment, wherever it may be hiding"
optional = false
python-versions = "*"
files = [
    {file = "find_libpython-0.4.0-py3-none-any.whl", hash = "sha256:034a4253bd57da3408aefc59aeac1650150f6c1f42e10fdd31615cf1df0842e3"},
    {file = "find_libpython-0.4.0.tar.gz", hash = "sha256:46f9cdcd397ddb563b2d7592ded3796a41c1df5222443bd9d981721c906c03e6"},
]

[[package]]
name = "iniconfig"
version = "2.0.0"
description = "brain-dead simple config-ini parsing"
optional = false
python-versions = ">=3.7"
files = [
    {file = "iniconfig-2.0.0-py3-none-any.whl", hash = "sha256:b6a85871a79d2e3b22d2d1b94ac2824226a63c6b741c88f7ae975f18b6778374"},
    {file = "iniconfig-2.0.0.tar.gz", hash = "sha256:2d91e135bf72d31a410b17c16da610a82cb55f6b0477d1a902134b24a455b8b3"},
]

[[package]]
name = "packaging"
version = "24.1"
description = "Core utilities for Python packages"
optional = false
python-versions = ">=3.8"
files = [
    {file = "packaging-24.1-py3-none-any.whl", hash = "sha256:5b8f2217dbdbd2f7f384c41c628544e6d52f2d0f53c6d0c3ea61aa5d1d7ff124"},
    {file = "packaging-24.1.tar.gz", hash = "sha256:026ed72c8ed3fcce5bf8950572258698927fd1dbda10a5e981cdf0ac37f4f002"},
]

[[package]]
name = "pluggy"
version = "1.5.0"
description = "plugin and hook calling mechanisms for python"
optional = false
python-versions = ">=3.8"
files = [
    {file = "pluggy-1.5.0-py3-none-any.whl", hash = "sha256:44e1ad92c8ca002de6377e165f3e0f1be63266ab4d554740532335b9d75ea669"},
    {file = "pluggy-1.5.0.tar.gz", hash = "sha256:2cffa88e94fdc978c4c574f15f9e59b7f4201d439195c3715ca9e2486f1d0cf1"},
]

[package.extras]
dev = ["pre-commit", "tox"]
testing = ["pytest", "pytest-benchmark"]

[[package]]
name = "pytest"
version = "8.3.2"
description = "pytest: simple powerful testing with Python"
optional = false
python-versions = ">=3.8"
files = [
    {file = "pytest-8.3.2-py3-none-any.whl", hash = "sha256:4ba08f9ae7dcf84ded419494d229b48d0903ea6407b030eaec46df5e6a73bba5"},
    {file = "pytest-8.3.2.tar.gz", hash = "sha256:c132345d12ce551242c87269de812483f5bcc87cdbb4722e48487ba194f9fdce"},
]

[package.dependencies]
colorama = {version = "*", markers = "sys_platform == \"win32\""}
iniconfig = "*"
packaging = "*"
pluggy = ">=1.5,<2"

[package.extras]
dev = ["argcomplete", "attrs (>=19.2)", "hypothesis (>=3.56)", "mock", "pygments (>=2.7.2)", "requests", "setuptools", "xmlschema"]

[metadata]
lock-version = "2.0"
python-versions = "^3.12"
content-hash = "8509f7a7a058c93f216920a745436ee1c376ddbfbe5f5c37a0121531cc5ec838"
